{
  "name": "@cs101/xapi",
  "version": "0.0.1",
  "lockfileVersion": 1,
  "requires": true,
  "dependencies": {
    "tincan": {
      "version": "0.2.1",
      "resolved": "https://registry.npmjs.org/tincan/-/tincan-0.2.1.tgz",
      "integrity": "sha1-KOP80xo1uJ0iY0jGTGsXsl99abU="
    },
    "typescript": {
      "version": "4.3.5",
      "resolved": "https://registry.npmjs.org/typescript/-/typescript-4.3.5.tgz",
      "integrity": "sha512-DqQgihaQ9cUrskJo9kIyW/+g0Vxsk8cDtZ52a3NGh0YNTfpUSArXSohyUGnvbPazEPLu398C0UxmKSOrPumUzA==",
      "dev": true
    }
  }
}
